{
  "name": "clientside-view-button",
  "version": "1.2.1",
  "lockfileVersion": 1,
  "requires": true,
  "dependencies": {
    "clientside-require": {
      "version": "4.0.0",
      "resolved": "https://registry.npmjs.org/clientside-require/-/clientside-require-4.0.0.tgz",
      "integrity": "sha512-KI+gKnMPmKZ0Jgn5z5Qi+a7tYbbcepUAGjAoyaMav9cSUGncwa+9ZLPxvUx2eXVTGQeaf/L2KdcH0Lr2srN/BQ=="
    }
  }
}
